// !$*UTF8*$!
{
	archiveVersion = 1;
	classes = {
	};
	objectVersion = 50;
	objects = {

/* Begin PBXBuildFile section */
		31471CA028084D490056DBC5 /* Hearts5.png in Resources */ = {isa = PBXBuildFile; fileRef = 31471C6B28084D410056DBC5 /* Hearts5.png */; };
		31471CA128084D490056DBC5 /* Spades10.png in Resources */ = {isa = PBXBuildFile; fileRef = 31471C6C28084D420056DBC5 /* Spades10.png */; };
		31471CA228084D490056DBC5 /* Diamonds4.png in Resources */ = {isa = PBXBuildFile; fileRef = 31471C6D28084D420056DBC5 /* Diamonds4.png */; };
		31471CA328084D490056DBC5 /* Clubs12.png in Resources */ = {isa = PBXBuildFile; fileRef = 31471C6E28084D420056DBC5 /* Clubs12.png */; };
		31471CA428084D490056DBC5 /* Hearts1.png in Resources */ = {isa = PBXBuildFile; fileRef = 31471C6F28084D420056DBC5 /* Hearts1.png */; };
		31471CA528084D490056DBC5 /* Hearts2.png in Resources */ = {isa = PBXBuildFile; fileRef = 31471C7028084D420056DBC5 /* Hearts2.png */; };
		31471CA628084D490056DBC5 /* Spades12.png in Resources */ = {isa = PBXBuildFile; fileRef = 31471C7128084D420056DBC5 /* Spades12.png */; };
		31471CA728084D490056DBC5 /* Diamonds1.png in Resources */ = {isa = PBXBuildFile; fileRef = 31471C7228084D420056DBC5 /* Diamonds1.png */; };
		31471CA828084D490056DBC5 /* Diamonds6.png in Resources */ = {isa = PBXBuildFile; fileRef = 31471C7328084D420056DBC5 /* Diamonds6.png */; };
		31471CA928084D490056DBC5 /* Diamonds2.png in Resources */ = {isa = PBXBuildFile; fileRef = 31471C7428084D430056DBC5 /* Diamonds2.png */; };
		31471CAA28084D490056DBC5 /* Spades1.png in Resources */ = {isa = PBXBuildFile; fileRef = 31471C7528084D430056DBC5 /* Spades1.png */; };
		31471CAB28084D490056DBC5 /* Clubs10.png in Resources */ = {isa = PBXBuildFile; fileRef = 31471C7628084D430056DBC5 /* Clubs10.png */; };
		31471CAC28084D490056DBC5 /* Spades11.png in Resources */ = {isa = PBXBuildFile; fileRef = 31471C7728084D430056DBC5 /* Spades11.png */; };
		31471CAD28084D490056DBC5 /* Spades7.png in Resources */ = {isa = PBXBuildFile; fileRef = 31471C7828084D430056DBC5 /* Spades7.png */; };
		31471CAE28084D490056DBC5 /* Clubs8.png in Resources */ = {isa = PBXBuildFile; fileRef = 31471C7928084D430056DBC5 /* Clubs8.png */; };
		31471CAF28084D490056DBC5 /* Diamonds9.png in Resources */ = {isa = PBXBuildFile; fileRef = 31471C7A28084D430056DBC5 /* Diamonds9.png */; };
		31471CB028084D490056DBC5 /* Clubs3.png in Resources */ = {isa = PBXBuildFile; fileRef = 31471C7B28084D440056DBC5 /* Clubs3.png */; };
		31471CB128084D490056DBC5 /* Diamonds7.png in Resources */ = {isa = PBXBuildFile; fileRef = 31471C7C28084D440056DBC5 /* Diamonds7.png */; };
		31471CB228084D490056DBC5 /* Hearts11.png in Resources */ = {isa = PBXBuildFile; fileRef = 31471C7D28084D440056DBC5 /* Hearts11.png */; };
		31471CB328084D490056DBC5 /* card_back.png in Resources */ = {isa = PBXBuildFile; fileRef = 31471C7E28084D440056DBC5 /* card_back.png */; };
		31471CB428084D490056DBC5 /* Spades5.png in Resources */ = {isa = PBXBuildFile; fileRef = 31471C7F28084D440056DBC5 /* Spades5.png */; };
		31471CB528084D490056DBC5 /* Diamonds11.png in Resources */ = {isa = PBXBuildFile; fileRef = 31471C8028084D440056DBC5 /* Diamonds11.png */; };
		31471CB628084D490056DBC5 /* Hearts4.png in Resources */ = {isa = PBXBuildFile; fileRef = 31471C8128084D440056DBC5 /* Hearts4.png */; };
		31471CB728084D490056DBC5 /* Clubs13.png in Resources */ = {isa = PBXBuildFile; fileRef = 31471C8228084D450056DBC5 /* Clubs13.png */; };
		31471CB828084D490056DBC5 /* Clubs7.png in Resources */ = {isa = PBXBuildFile; fileRef = 31471C8328084D450056DBC5 /* Clubs7.png */; };
		31471CB928084D490056DBC5 /* Spades4.png in Resources */ = {isa = PBXBuildFile; fileRef = 31471C8428084D450056DBC5 /* Spades4.png */; };
		31471CBA28084D490056DBC5 /* Hearts3.png in Resources */ = {isa = PBXBuildFile; fileRef = 31471C8528084D450056DBC5 /* Hearts3.png */; };
		31471CBB28084D490056DBC5 /* Clubs1.png in Resources */ = {isa = PBXBuildFile; fileRef = 31471C8628084D450056DBC5 /* Clubs1.png */; };
		31471CBC28084D490056DBC5 /* Clubs11.png in Resources */ = {isa = PBXBuildFile; fileRef = 31471C8728084D450056DBC5 /* Clubs11.png */; };
		31471CBD28084D490056DBC5 /* Diamonds13.png in Resources */ = {isa = PBXBuildFile; fileRef = 31471C8828084D450056DBC5 /* Diamonds13.png */; };
		31471CBE28084D490056DBC5 /* Hearts12.png in Resources */ = {isa = PBXBuildFile; fileRef = 31471C8928084D450056DBC5 /* Hearts12.png */; };
		31471CBF28084D490056DBC5 /* Diamonds8.png in Resources */ = {isa = PBXBuildFile; fileRef = 31471C8A28084D460056DBC5 /* Diamonds8.png */; };
		31471CC028084D490056DBC5 /* Hearts7.png in Resources */ = {isa = PBXBuildFile; fileRef = 31471C8B28084D460056DBC5 /* Hearts7.png */; };
		31471CC128084D490056DBC5 /* Hearts13.png in Resources */ = {isa = PBXBuildFile; fileRef = 31471C8C28084D460056DBC5 /* Hearts13.png */; };
		31471CC228084D490056DBC5 /* Clubs4.png in Resources */ = {isa = PBXBuildFile; fileRef = 31471C8D28084D460056DBC5 /* Clubs4.png */; };
		31471CC328084D490056DBC5 /* Diamonds12.png in Resources */ = {isa = PBXBuildFile; fileRef = 31471C8E28084D460056DBC5 /* Diamonds12.png */; };
		31471CC428084D490056DBC5 /* Spades3.png in Resources */ = {isa = PBXBuildFile; fileRef = 31471C8F28084D460056DBC5 /* Spades3.png */; };
		31471CC528084D490056DBC5 /* Spades8.png in Resources */ = {isa = PBXBuildFile; fileRef = 31471C9028084D470056DBC5 /* Spades8.png */; };
		31471CC628084D490056DBC5 /* Spades2.png in Resources */ = {isa = PBXBuildFile; fileRef = 31471C9128084D470056DBC5 /* Spades2.png */; };
		31471CC728084D490056DBC5 /* Clubs5.png in Resources */ = {isa = PBXBuildFile; fileRef = 31471C9228084D470056DBC5 /* Clubs5.png */; };
		31471CC828084D490056DBC5 /* Diamonds3.png in Resources */ = {isa = PBXBuildFile; fileRef = 31471C9328084D470056DBC5 /* Diamonds3.png */; };
		31471CC928084D490056DBC5 /* Clubs2.png in Resources */ = {isa = PBXBuildFile; fileRef = 31471C9428084D480056DBC5 /* Clubs2.png */; };
		31471CCA28084D490056DBC5 /* Diamonds10.png in Resources */ = {isa = PBXBuildFile; fileRef = 31471C9528084D480056DBC5 /* Diamonds10.png */; };
		31471CCB28084D490056DBC5 /* Hearts9.png in Resources */ = {isa = PBXBuildFile; fileRef = 31471C9628084D480056DBC5 /* Hearts9.png */; };
		31471CCC28084D490056DBC5 /* Spades13.png in Resources */ = {isa = PBXBuildFile; fileRef = 31471C9728084D480056DBC5 /* Spades13.png */; };
		31471CCD28084D490056DBC5 /* Hearts6.png in Resources */ = {isa = PBXBuildFile; fileRef = 31471C9828084D480056DBC5 /* Hearts6.png */; };
		31471CCE28084D490056DBC5 /* Clubs9.png in Resources */ = {isa = PBXBuildFile; fileRef = 31471C9928084D480056DBC5 /* Clubs9.png */; };
		31471CCF28084D490056DBC5 /* Clubs6.png in Resources */ = {isa = PBXBuildFile; fileRef = 31471C9A28084D490056DBC5 /* Clubs6.png */; };
		31471CD028084D490056DBC5 /* Spades9.png in Resources */ = {isa = PBXBuildFile; fileRef = 31471C9B28084D490056DBC5 /* Spades9.png */; };
		31471CD128084D490056DBC5 /* Spades6.png in Resources */ = {isa = PBXBuildFile; fileRef = 31471C9C28084D490056DBC5 /* Spades6.png */; };
		31471CD228084D490056DBC5 /* Hearts10.png in Resources */ = {isa = PBXBuildFile; fileRef = 31471C9D28084D490056DBC5 /* Hearts10.png */; };
		31471CD328084D490056DBC5 /* Diamonds5.png in Resources */ = {isa = PBXBuildFile; fileRef = 31471C9E28084D490056DBC5 /* Diamonds5.png */; };
		31471CD428084D490056DBC5 /* Hearts8.png in Resources */ = {isa = PBXBuildFile; fileRef = 31471C9F28084D490056DBC5 /* Hearts8.png */; };
		31AA6B5A27FFE6E7004E7FAF /* AppDelegate.swift in Sources */ = {isa = PBXBuildFile; fileRef = 31AA6B5927FFE6E7004E7FAF /* AppDelegate.swift */; };
		31AA6B5C27FFE6E7004E7FAF /* SceneDelegate.swift in Sources */ = {isa = PBXBuildFile; fileRef = 31AA6B5B27FFE6E7004E7FAF /* SceneDelegate.swift */; };
		31AA6B5E27FFE6E7004E7FAF /* ViewController.swift in Sources */ = {isa = PBXBuildFile; fileRef = 31AA6B5D27FFE6E7004E7FAF /* ViewController.swift */; };
		31AA6B6127FFE6E7004E7FAF /* Main.storyboard in Resources */ = {isa = PBXBuildFile; fileRef = 31AA6B5F27FFE6E7004E7FAF /* Main.storyboard */; };
		31AA6B6327FFE6EC004E7FAF /* Assets.xcassets in Resources */ = {isa = PBXBuildFile; fileRef = 31AA6B6227FFE6EC004E7FAF /* Assets.xcassets */; };
		31AA6B6627FFE6EC004E7FAF /* LaunchScreen.storyboard in Resources */ = {isa = PBXBuildFile; fileRef = 31AA6B6427FFE6EC004E7FAF /* LaunchScreen.storyboard */; };
		31EA7CA22806AC22008E0C70 /* HomeViewController.swift in Sources */ = {isa = PBXBuildFile; fileRef = 31EA7CA12806AC22008E0C70 /* HomeViewController.swift */; };
		31EA7CA92806AC4D008E0C70 /* GameViewController.swift in Sources */ = {isa = PBXBuildFile; fileRef = 31EA7CA82806AC4D008E0C70 /* GameViewController.swift */; };
		31EA7CAC2806AC60008E0C70 /* CreditViewController.swift in Sources */ = {isa = PBXBuildFile; fileRef = 31EA7CAB2806AC60008E0C70 /* CreditViewController.swift */; };
/* End PBXBuildFile section */

/* Begin PBXFileReference section */
		31471C6B28084D410056DBC5 /* Hearts5.png */ = {isa = PBXFileReference; lastKnownFileType = image.png; path = Hearts5.png; sourceTree = "<group>"; };
		31471C6C28084D420056DBC5 /* Spades10.png */ = {isa = PBXFileReference; lastKnownFileType = image.png; path = Spades10.png; sourceTree = "<group>"; };
		31471C6D28084D420056DBC5 /* Diamonds4.png */ = {isa = PBXFileReference; lastKnownFileType = image.png; path = Diamonds4.png; sourceTree = "<group>"; };
		31471C6E28084D420056DBC5 /* Clubs12.png */ = {isa = PBXFileReference; lastKnownFileType = image.png; path = Clubs12.png; sourceTree = "<group>"; };
		31471C6F28084D420056DBC5 /* Hearts1.png */ = {isa = PBXFileReference; lastKnownFileType = image.png; path = Hearts1.png; sourceTree = "<group>"; };
		31471C7028084D420056DBC5 /* Hearts2.png */ = {isa = PBXFileReference; lastKnownFileType = image.png; path = Hearts2.png; sourceTree = "<group>"; };
		31471C7128084D420056DBC5 /* Spades12.png */ = {isa = PBXFileReference; lastKnownFileType = image.png; path = Spades12.png; sourceTree = "<group>"; };
		31471C7228084D420056DBC5 /* Diamonds1.png */ = {isa = PBXFileReference; lastKnownFileType = image.png; path = Diamonds1.png; sourceTree = "<group>"; };
		31471C7328084D420056DBC5 /* Diamonds6.png */ = {isa = PBXFileReference; lastKnownFileType = image.png; path = Diamonds6.png; sourceTree = "<group>"; };
		31471C7428084D430056DBC5 /* Diamonds2.png */ = {isa = PBXFileReference; lastKnownFileType = image.png; path = Diamonds2.png; sourceTree = "<group>"; };
		31471C7528084D430056DBC5 /* Spades1.png */ = {isa = PBXFileReference; lastKnownFileType = image.png; path = Spades1.png; sourceTree = "<group>"; };
		31471C7628084D430056DBC5 /* Clubs10.png */ = {isa = PBXFileReference; lastKnownFileType = image.png; path = Clubs10.png; sourceTree = "<group>"; };
		31471C7728084D430056DBC5 /* Spades11.png */ = {isa = PBXFileReference; lastKnownFileType = image.png; path = Spades11.png; sourceTree = "<group>"; };
		31471C7828084D430056DBC5 /* Spades7.png */ = {isa = PBXFileReference; lastKnownFileType = image.png; path = Spades7.png; sourceTree = "<group>"; };
		31471C7928084D430056DBC5 /* Clubs8.png */ = {isa = PBXFileReference; lastKnownFileType = image.png; path = Clubs8.png; sourceTree = "<group>"; };
		31471C7A28084D430056DBC5 /* Diamonds9.png */ = {isa = PBXFileReference; lastKnownFileType = image.png; path = Diamonds9.png; sourceTree = "<group>"; };
		31471C7B28084D440056DBC5 /* Clubs3.png */ = {isa = PBXFileReference; lastKnownFileType = image.png; path = Clubs3.png; sourceTree = "<group>"; };
		31471C7C28084D440056DBC5 /* Diamonds7.png */ = {isa = PBXFileReference; lastKnownFileType = image.png; path = Diamonds7.png; sourceTree = "<group>"; };
		31471C7D28084D440056DBC5 /* Hearts11.png */ = {isa = PBXFileReference; lastKnownFileType = image.png; path = Hearts11.png; sourceTree = "<group>"; };
		31471C7E28084D440056DBC5 /* card_back.png */ = {isa = PBXFileReference; lastKnownFileType = image.png; path = card_back.png; sourceTree = "<group>"; };
		31471C7F28084D440056DBC5 /* Spades5.png */ = {isa = PBXFileReference; lastKnownFileType = image.png; path = Spades5.png; sourceTree = "<group>"; };
		31471C8028084D440056DBC5 /* Diamonds11.png */ = {isa = PBXFileReference; lastKnownFileType = image.png; path = Diamonds11.png; sourceTree = "<group>"; };
		31471C8128084D440056DBC5 /* Hearts4.png */ = {isa = PBXFileReference; lastKnownFileType = image.png; path = Hearts4.png; sourceTree = "<group>"; };
		31471C8228084D450056DBC5 /* Clubs13.png */ = {isa = PBXFileReference; lastKnownFileType = image.png; path = Clubs13.png; sourceTree = "<group>"; };
		31471C8328084D450056DBC5 /* Clubs7.png */ = {isa = PBXFileReference; lastKnownFileType = image.png; path = Clubs7.png; sourceTree = "<group>"; };
		31471C8428084D450056DBC5 /* Spades4.png */ = {isa = PBXFileReference; lastKnownFileType = image.png; path = Spades4.png; sourceTree = "<group>"; };
		31471C8528084D450056DBC5 /* Hearts3.png */ = {isa = PBXFileReference; lastKnownFileType = image.png; path = Hearts3.png; sourceTree = "<group>"; };
		31471C8628084D450056DBC5 /* Clubs1.png */ = {isa = PBXFileReference; lastKnownFileType = image.png; path = Clubs1.png; sourceTree = "<group>"; };
		31471C8728084D450056DBC5 /* Clubs11.png */ = {isa = PBXFileReference; lastKnownFileType = image.png; path = Clubs11.png; sourceTree = "<group>"; };
		31471C8828084D450056DBC5 /* Diamonds13.png */ = {isa = PBXFileReference; lastKnownFileType = image.png; path = Diamonds13.png; sourceTree = "<group>"; };
		31471C8928084D450056DBC5 /* Hearts12.png */ = {isa = PBXFileReference; lastKnownFileType = image.png; path = Hearts12.png; sourceTree = "<group>"; };
		31471C8A28084D460056DBC5 /* Diamonds8.png */ = {isa = PBXFileReference; lastKnownFileType = image.png; path = Diamonds8.png; sourceTree = "<group>"; };
		31471C8B28084D460056DBC5 /* Hearts7.png */ = {isa = PBXFileReference; lastKnownFileType = image.png; path = Hearts7.png; sourceTree = "<group>"; };
		31471C8C28084D460056DBC5 /* Hearts13.png */ = {isa = PBXFileReference; lastKnownFileType = image.png; path = Hearts13.png; sourceTree = "<group>"; };
		31471C8D28084D460056DBC5 /* Clubs4.png */ = {isa = PBXFileReference; lastKnownFileType = image.png; path = Clubs4.png; sourceTree = "<group>"; };
		31471C8E28084D460056DBC5 /* Diamonds12.png */ = {isa = PBXFileReference; lastKnownFileType = image.png; path = Diamonds12.png; sourceTree = "<group>"; };
		31471C8F28084D460056DBC5 /* Spades3.png */ = {isa = PBXFileReference; lastKnownFileType = image.png; path = Spades3.png; sourceTree = "<group>"; };
		31471C9028084D470056DBC5 /* Spades8.png */ = {isa = PBXFileReference; lastKnownFileType = image.png; path = Spades8.png; sourceTree = "<group>"; };
		31471C9128084D470056DBC5 /* Spades2.png */ = {isa = PBXFileReference; lastKnownFileType = image.png; path = Spades2.png; sourceTree = "<group>"; };
		31471C9228084D470056DBC5 /* Clubs5.png */ = {isa = PBXFileReference; lastKnownFileType = image.png; path = Clubs5.png; sourceTree = "<group>"; };
		31471C9328084D470056DBC5 /* Diamonds3.png */ = {isa = PBXFileReference; lastKnownFileType = image.png; path = Diamonds3.png; sourceTree = "<group>"; };
		31471C9428084D480056DBC5 /* Clubs2.png */ = {isa = PBXFileReference; lastKnownFileType = image.png; path = Clubs2.png; sourceTree = "<group>"; };
		31471C9528084D480056DBC5 /* Diamonds10.png */ = {isa = PBXFileReference; lastKnownFileType = image.png; path = Diamonds10.png; sourceTree = "<group>"; };
		31471C9628084D480056DBC5 /* Hearts9.png */ = {isa = PBXFileReference; lastKnownFileType = image.png; path = Hearts9.png; sourceTree = "<group>"; };
		31471C9728084D480056DBC5 /* Spades13.png */ = {isa = PBXFileReference; lastKnownFileType = image.png; path = Spades13.png; sourceTree = "<group>"; };
		31471C9828084D480056DBC5 /* Hearts6.png */ = {isa = PBXFileReference; lastKnownFileType = image.png; path = Hearts6.png; sourceTree = "<group>"; };
		31471C9928084D480056DBC5 /* Clubs9.png */ = {isa = PBXFileReference; lastKnownFileType = image.png; path = Clubs9.png; sourceTree = "<group>"; };
		31471C9A28084D490056DBC5 /* Clubs6.png */ = {isa = PBXFileReference; lastKnownFileType = image.png; path = Clubs6.png; sourceTree = "<group>"; };
		31471C9B28084D490056DBC5 /* Spades9.png */ = {isa = PBXFileReference; lastKnownFileType = image.png; path = Spades9.png; sourceTree = "<group>"; };
		31471C9C28084D490056DBC5 /* Spades6.png */ = {isa = PBXFileReference; lastKnownFileType = image.png; path = Spades6.png; sourceTree = "<group>"; };
		31471C9D28084D490056DBC5 /* Hearts10.png */ = {isa = PBXFileReference; lastKnownFileType = image.png; path = Hearts10.png; sourceTree = "<group>"; };
		31471C9E28084D490056DBC5 /* Diamonds5.png */ = {isa = PBXFileReference; lastKnownFileType = image.png; path = Diamonds5.png; sourceTree = "<group>"; };
		31471C9F28084D490056DBC5 /* Hearts8.png */ = {isa = PBXFileReference; lastKnownFileType = image.png; path = Hearts8.png; sourceTree = "<group>"; };
		31AA6B5627FFE6E7004E7FAF /* Blackjack.app */ = {isa = PBXFileReference; explicitFileType = wrapper.application; includeInIndex = 0; path = Blackjack.app; sourceTree = BUILT_PRODUCTS_DIR; };
		31AA6B5927FFE6E7004E7FAF /* AppDelegate.swift */ = {isa = PBXFileReference; lastKnownFileType = sourcecode.swift; path = AppDelegate.swift; sourceTree = "<group>"; };
		31AA6B5B27FFE6E7004E7FAF /* SceneDelegate.swift */ = {isa = PBXFileReference; lastKnownFileType = sourcecode.swift; path = SceneDelegate.swift; sourceTree = "<group>"; };
		31AA6B5D27FFE6E7004E7FAF /* ViewController.swift */ = {isa = PBXFileReference; lastKnownFileType = sourcecode.swift; path = ViewController.swift; sourceTree = "<group>"; };
		31AA6B6027FFE6E7004E7FAF /* Base */ = {isa = PBXFileReference; lastKnownFileType = file.storyboard; name = Base; path = Base.lproj/Main.storyboard; sourceTree = "<group>"; };
		31AA6B6227FFE6EC004E7FAF /* Assets.xcassets */ = {isa = PBXFileReference; lastKnownFileType = folder.assetcatalog; path = Assets.xcassets; sourceTree = "<group>"; };
		31AA6B6527FFE6EC004E7FAF /* Base */ = {isa = PBXFileReference; lastKnownFileType = file.storyboard; name = Base; path = Base.lproj/LaunchScreen.storyboard; sourceTree = "<group>"; };
		31AA6B6727FFE6EC004E7FAF /* Info.plist */ = {isa = PBXFileReference; lastKnownFileType = text.plist.xml; path = Info.plist; sourceTree = "<group>"; };
		31EA7CA12806AC22008E0C70 /* HomeViewController.swift */ = {isa = PBXFileReference; lastKnownFileType = sourcecode.swift; path = HomeViewController.swift; sourceTree = "<group>"; };
		31EA7CA82806AC4D008E0C70 /* GameViewController.swift */ = {isa = PBXFileReference; lastKnownFileType = sourcecode.swift; path = GameViewController.swift; sourceTree = "<group>"; };
		31EA7CAB2806AC60008E0C70 /* CreditViewController.swift */ = {isa = PBXFileReference; lastKnownFileType = sourcecode.swift; path = CreditViewController.swift; sourceTree = "<group>"; };
/* End PBXFileReference section */

/* Begin PBXFrameworksBuildPhase section */
		31AA6B5327FFE6E7004E7FAF /* Frameworks */ = {
			isa = PBXFrameworksBuildPhase;
			buildActionMask = 2147483647;
			files = (
			);
			runOnlyForDeploymentPostprocessing = 0;
		};
/* End PBXFrameworksBuildPhase section */

/* Begin PBXGroup section */
		319C21D02809A3360048F7B3 /* images */ = {
			isa = PBXGroup;
			children = (
				31471C7E28084D440056DBC5 /* card_back.png */,
				31471C8628084D450056DBC5 /* Clubs1.png */,
				31471C9428084D480056DBC5 /* Clubs2.png */,
				31471C7B28084D440056DBC5 /* Clubs3.png */,
				31471C8D28084D460056DBC5 /* Clubs4.png */,
				31471C9228084D470056DBC5 /* Clubs5.png */,
				31471C9A28084D490056DBC5 /* Clubs6.png */,
				31471C8328084D450056DBC5 /* Clubs7.png */,
				31471C7928084D430056DBC5 /* Clubs8.png */,
				31471C9928084D480056DBC5 /* Clubs9.png */,
				31471C7628084D430056DBC5 /* Clubs10.png */,
				31471C8728084D450056DBC5 /* Clubs11.png */,
				31471C6E28084D420056DBC5 /* Clubs12.png */,
				31471C8228084D450056DBC5 /* Clubs13.png */,
				31471C7228084D420056DBC5 /* Diamonds1.png */,
				31471C7428084D430056DBC5 /* Diamonds2.png */,
				31471C9328084D470056DBC5 /* Diamonds3.png */,
				31471C6D28084D420056DBC5 /* Diamonds4.png */,
				31471C9E28084D490056DBC5 /* Diamonds5.png */,
				31471C7328084D420056DBC5 /* Diamonds6.png */,
				31471C7C28084D440056DBC5 /* Diamonds7.png */,
				31471C8A28084D460056DBC5 /* Diamonds8.png */,
				31471C7A28084D430056DBC5 /* Diamonds9.png */,
				31471C9528084D480056DBC5 /* Diamonds10.png */,
				31471C8028084D440056DBC5 /* Diamonds11.png */,
				31471C8E28084D460056DBC5 /* Diamonds12.png */,
				31471C8828084D450056DBC5 /* Diamonds13.png */,
				31471C6F28084D420056DBC5 /* Hearts1.png */,
				31471C7028084D420056DBC5 /* Hearts2.png */,
				31471C8528084D450056DBC5 /* Hearts3.png */,
				31471C8128084D440056DBC5 /* Hearts4.png */,
				31471C6B28084D410056DBC5 /* Hearts5.png */,
				31471C9828084D480056DBC5 /* Hearts6.png */,
				31471C8B28084D460056DBC5 /* Hearts7.png */,
				31471C9F28084D490056DBC5 /* Hearts8.png */,
				31471C9628084D480056DBC5 /* Hearts9.png */,
				31471C9D28084D490056DBC5 /* Hearts10.png */,
				31471C7D28084D440056DBC5 /* Hearts11.png */,
				31471C8928084D450056DBC5 /* Hearts12.png */,
				31471C8C28084D460056DBC5 /* Hearts13.png */,
				31471C7528084D430056DBC5 /* Spades1.png */,
				31471C9128084D470056DBC5 /* Spades2.png */,
				31471C8F28084D460056DBC5 /* Spades3.png */,
				31471C8428084D450056DBC5 /* Spades4.png */,
				31471C7F28084D440056DBC5 /* Spades5.png */,
				31471C9C28084D490056DBC5 /* Spades6.png */,
				31471C7828084D430056DBC5 /* Spades7.png */,
				31471C9028084D470056DBC5 /* Spades8.png */,
				31471C9B28084D490056DBC5 /* Spades9.png */,
				31471C6C28084D420056DBC5 /* Spades10.png */,
				31471C7728084D430056DBC5 /* Spades11.png */,
				31471C7128084D420056DBC5 /* Spades12.png */,
				31471C9728084D480056DBC5 /* Spades13.png */,
			);
			path = images;
			sourceTree = "<group>";
		};
		31AA6B4D27FFE6E7004E7FAF = {
			isa = PBXGroup;
			children = (
				31AA6B5827FFE6E7004E7FAF /* Blackjack */,
				31AA6B5727FFE6E7004E7FAF /* Products */,
			);
			sourceTree = "<group>";
		};
		31AA6B5727FFE6E7004E7FAF /* Products */ = {
			isa = PBXGroup;
			children = (
				31AA6B5627FFE6E7004E7FAF /* Blackjack.app */,
			);
			name = Products;
			sourceTree = "<group>";
		};
		31AA6B5827FFE6E7004E7FAF /* Blackjack */ = {
			isa = PBXGroup;
			children = (
				319C21D02809A3360048F7B3 /* images */,
				31AA6B5927FFE6E7004E7FAF /* AppDelegate.swift */,
				31AA6B5B27FFE6E7004E7FAF /* SceneDelegate.swift */,
				31AA6B5D27FFE6E7004E7FAF /* ViewController.swift */,
				31AA6B5F27FFE6E7004E7FAF /* Main.storyboard */,
				31AA6B6227FFE6EC004E7FAF /* Assets.xcassets */,
				31AA6B6427FFE6EC004E7FAF /* LaunchScreen.storyboard */,
				31AA6B6727FFE6EC004E7FAF /* Info.plist */,
				31EA7CA12806AC22008E0C70 /* HomeViewController.swift */,
				31EA7CA82806AC4D008E0C70 /* GameViewController.swift */,
				31EA7CAB2806AC60008E0C70 /* CreditViewController.swift */,
			);
			path = Blackjack;
			sourceTree = "<group>";
		};
/* End PBXGroup section */

/* Begin PBXNativeTarget section */
		31AA6B5527FFE6E7004E7FAF /* Blackjack */ = {
			isa = PBXNativeTarget;
			buildConfigurationList = 31AA6B6A27FFE6EC004E7FAF /* Build configuration list for PBXNativeTarget "Blackjack" */;
			buildPhases = (
				31AA6B5227FFE6E7004E7FAF /* Sources */,
				31AA6B5327FFE6E7004E7FAF /* Frameworks */,
				31AA6B5427FFE6E7004E7FAF /* Resources */,
			);
			buildRules = (
			);
			dependencies = (
			);
			name = Blackjack;
			productName = Blackjack;
			productReference = 31AA6B5627FFE6E7004E7FAF /* Blackjack.app */;
			productType = "com.apple.product-type.application";
		};
/* End PBXNativeTarget section */

/* Begin PBXProject section */
		31AA6B4E27FFE6E7004E7FAF /* Project object */ = {
			isa = PBXProject;
			attributes = {
				LastSwiftUpdateCheck = 1240;
				LastUpgradeCheck = 1240;
				TargetAttributes = {
					31AA6B5527FFE6E7004E7FAF = {
						CreatedOnToolsVersion = 12.4;
					};
				};
			};
			buildConfigurationList = 31AA6B5127FFE6E7004E7FAF /* Build configuration list for PBXProject "Blackjack" */;
			compatibilityVersion = "Xcode 9.3";
			developmentRegion = en;
			hasScannedForEncodings = 0;
			knownRegions = (
				en,
				Base,
			);
			mainGroup = 31AA6B4D27FFE6E7004E7FAF;
			productRefGroup = 31AA6B5727FFE6E7004E7FAF /* Products */;
			projectDirPath = "";
			projectRoot = "";
			targets = (
				31AA6B5527FFE6E7004E7FAF /* Blackjack */,
			);
		};
/* End PBXProject section */

/* Begin PBXResourcesBuildPhase section */
		31AA6B5427FFE6E7004E7FAF /* Resources */ = {
			isa = PBXResourcesBuildPhase;
			buildActionMask = 2147483647;
			files = (
				31AA6B6627FFE6EC004E7FAF /* LaunchScreen.storyboard in Resources */,
				31471CAC28084D490056DBC5 /* Spades11.png in Resources */,
				31471CC128084D490056DBC5 /* Hearts13.png in Resources */,
				31471CAF28084D490056DBC5 /* Diamonds9.png in Resources */,
				31471CCD28084D490056DBC5 /* Hearts6.png in Resources */,
				31AA6B6327FFE6EC004E7FAF /* Assets.xcassets in Resources */,
				31471CA528084D490056DBC5 /* Hearts2.png in Resources */,
				31471CAE28084D490056DBC5 /* Clubs8.png in Resources */,
				31471CA028084D490056DBC5 /* Hearts5.png in Resources */,
				31471CCF28084D490056DBC5 /* Clubs6.png in Resources */,
				31471CC628084D490056DBC5 /* Spades2.png in Resources */,
				31471CBF28084D490056DBC5 /* Diamonds8.png in Resources */,
				31471CC428084D490056DBC5 /* Spades3.png in Resources */,
				31471CBE28084D490056DBC5 /* Hearts12.png in Resources */,
				31471CA628084D490056DBC5 /* Spades12.png in Resources */,
				31471CB728084D490056DBC5 /* Clubs13.png in Resources */,
				31471CAB28084D490056DBC5 /* Clubs10.png in Resources */,
				31471CB628084D490056DBC5 /* Hearts4.png in Resources */,
				31471CAA28084D490056DBC5 /* Spades1.png in Resources */,
				31471CD028084D490056DBC5 /* Spades9.png in Resources */,
				31471CB528084D490056DBC5 /* Diamonds11.png in Resources */,
				31471CC828084D490056DBC5 /* Diamonds3.png in Resources */,
				31471CCC28084D490056DBC5 /* Spades13.png in Resources */,
				31471CC728084D490056DBC5 /* Clubs5.png in Resources */,
				31471CB928084D490056DBC5 /* Spades4.png in Resources */,
				31471CA228084D490056DBC5 /* Diamonds4.png in Resources */,
				31471CB428084D490056DBC5 /* Spades5.png in Resources */,
				31471CB328084D490056DBC5 /* card_back.png in Resources */,
				31471CD328084D490056DBC5 /* Diamonds5.png in Resources */,
				31471CA328084D490056DBC5 /* Clubs12.png in Resources */,
				31471CD228084D490056DBC5 /* Hearts10.png in Resources */,
				31AA6B6127FFE6E7004E7FAF /* Main.storyboard in Resources */,
				31471CA728084D490056DBC5 /* Diamonds1.png in Resources */,
				31471CBA28084D490056DBC5 /* Hearts3.png in Resources */,
				31471CC528084D490056DBC5 /* Spades8.png in Resources */,
				31471CCB28084D490056DBC5 /* Hearts9.png in Resources */,
				31471CCA28084D490056DBC5 /* Diamonds10.png in Resources */,
				31471CA828084D490056DBC5 /* Diamonds6.png in Resources */,
				31471CB128084D490056DBC5 /* Diamonds7.png in Resources */,
				31471CB228084D490056DBC5 /* Hearts11.png in Resources */,
				31471CA928084D490056DBC5 /* Diamonds2.png in Resources */,
				31471CBC28084D490056DBC5 /* Clubs11.png in Resources */,
				31471CAD28084D490056DBC5 /* Spades7.png in Resources */,
				31471CC328084D490056DBC5 /* Diamonds12.png in Resources */,
				31471CB028084D490056DBC5 /* Clubs3.png in Resources */,
				31471CD428084D490056DBC5 /* Hearts8.png in Resources */,
				31471CC928084D490056DBC5 /* Clubs2.png in Resources */,
				31471CB828084D490056DBC5 /* Clubs7.png in Resources */,
				31471CBD28084D490056DBC5 /* Diamonds13.png in Resources */,
				31471CC028084D490056DBC5 /* Hearts7.png in Resources */,
				31471CC228084D490056DBC5 /* Clubs4.png in Resources */,
				31471CA428084D490056DBC5 /* Hearts1.png in Resources */,
				31471CD128084D490056DBC5 /* Spades6.png in Resources */,
				31471CCE28084D490056DBC5 /* Clubs9.png in Resources */,
				31471CBB28084D490056DBC5 /* Clubs1.png in Resources */,
				31471CA128084D490056DBC5 /* Spades10.png in Resources */,
			);
			runOnlyForDeploymentPostprocessing = 0;
		};
/* End PBXResourcesBuildPhase section */

/* Begin PBXSourcesBuildPhase section */
		31AA6B5227FFE6E7004E7FAF /* Sources */ = {
			isa = PBXSourcesBuildPhase;
			buildActionMask = 2147483647;
			files = (
				31EA7CA92806AC4D008E0C70 /* GameViewController.swift in Sources */,
				31AA6B5E27FFE6E7004E7FAF /* ViewController.swift in Sources */,
				31AA6B5A27FFE6E7004E7FAF /* AppDelegate.swift in Sources */,
				31AA6B5C27FFE6E7004E7FAF /* SceneDelegate.swift in Sources */,
				31EA7CA22806AC22008E0C70 /* HomeViewController.swift in Sources */,
				31EA7CAC2806AC60008E0C70 /* CreditViewController.swift in Sources */,
			);
			runOnlyForDeploymentPostprocessing = 0;
		};
/* End PBXSourcesBuildPhase section */

/* Begin PBXVariantGroup section */
		31AA6B5F27FFE6E7004E7FAF /* Main.storyboard */ = {
			isa = PBXVariantGroup;
			children = (
				31AA6B6027FFE6E7004E7FAF /* Base */,
			);
			name = Main.storyboard;
			sourceTree = "<group>";
		};
		31AA6B6427FFE6EC004E7FAF /* LaunchScreen.storyboard */ = {
			isa = PBXVariantGroup;
			children = (
				31AA6B6527FFE6EC004E7FAF /* Base */,
			);
			name = LaunchScreen.storyboard;
			sourceTree = "<group>";
		};
/* End PBXVariantGroup section */

/* Begin XCBuildConfiguration section */
		31AA6B6827FFE6EC004E7FAF /* Debug */ = {
			isa = XCBuildConfiguration;
			buildSettings = {
				ALWAYS_SEARCH_USER_PATHS = NO;
				CLANG_ANALYZER_NONNULL = YES;
				CLANG_ANALYZER_NUMBER_OBJECT_CONVERSION = YES_AGGRESSIVE;
				CLANG_CXX_LANGUAGE_STANDARD = "gnu++14";
				CLANG_CXX_LIBRARY = "libc++";
				CLANG_ENABLE_MODULES = YES;
				CLANG_ENABLE_OBJC_ARC = YES;
				CLANG_ENABLE_OBJC_WEAK = YES;
				CLANG_WARN_BLOCK_CAPTURE_AUTORELEASING = YES;
				CLANG_WARN_BOOL_CONVERSION = YES;
				CLANG_WARN_COMMA = YES;
				CLANG_WARN_CONSTANT_CONVERSION = YES;
				CLANG_WARN_DEPRECATED_OBJC_IMPLEMENTATIONS = YES;
				CLANG_WARN_DIRECT_OBJC_ISA_USAGE = YES_ERROR;
				CLANG_WARN_DOCUMENTATION_COMMENTS = YES;
				CLANG_WARN_EMPTY_BODY = YES;
				CLANG_WARN_ENUM_CONVERSION = YES;
				CLANG_WARN_INFINITE_RECURSION = YES;
				CLANG_WARN_INT_CONVERSION = YES;
				CLANG_WARN_NON_LITERAL_NULL_CONVERSION = YES;
				CLANG_WARN_OBJC_IMPLICIT_RETAIN_SELF = YES;
				CLANG_WARN_OBJC_LITERAL_CONVERSION = YES;
				CLANG_WARN_OBJC_ROOT_CLASS = YES_ERROR;
				CLANG_WARN_QUOTED_INCLUDE_IN_FRAMEWORK_HEADER = YES;
				CLANG_WARN_RANGE_LOOP_ANALYSIS = YES;
				CLANG_WARN_STRICT_PROTOTYPES = YES;
				CLANG_WARN_SUSPICIOUS_MOVE = YES;
				CLANG_WARN_UNGUARDED_AVAILABILITY = YES_AGGRESSIVE;
				CLANG_WARN_UNREACHABLE_CODE = YES;
				CLANG_WARN__DUPLICATE_METHOD_MATCH = YES;
				COPY_PHASE_STRIP = NO;
				DEBUG_INFORMATION_FORMAT = dwarf;
				ENABLE_STRICT_OBJC_MSGSEND = YES;
				ENABLE_TESTABILITY = YES;
				GCC_C_LANGUAGE_STANDARD = gnu11;
				GCC_DYNAMIC_NO_PIC = NO;
				GCC_NO_COMMON_BLOCKS = YES;
				GCC_OPTIMIZATION_LEVEL = 0;
				GCC_PREPROCESSOR_DEFINITIONS = (
					"DEBUG=1",
					"$(inherited)",
				);
				GCC_WARN_64_TO_32_BIT_CONVERSION = YES;
				GCC_WARN_ABOUT_RETURN_TYPE = YES_ERROR;
				GCC_WARN_UNDECLARED_SELECTOR = YES;
				GCC_WARN_UNINITIALIZED_AUTOS = YES_AGGRESSIVE;
				GCC_WARN_UNUSED_FUNCTION = YES;
				GCC_WARN_UNUSED_VARIABLE = YES;
				IPHONEOS_DEPLOYMENT_TARGET = 14.4;
				MTL_ENABLE_DEBUG_INFO = INCLUDE_SOURCE;
				MTL_FAST_MATH = YES;
				ONLY_ACTIVE_ARCH = YES;
				SDKROOT = iphoneos;
				SWIFT_ACTIVE_COMPILATION_CONDITIONS = DEBUG;
				SWIFT_OPTIMIZATION_LEVEL = "-Onone";
			};
			name = Debug;
		};
		31AA6B6927FFE6EC004E7FAF /* Release */ = {
			isa = XCBuildConfiguration;
			buildSettings = {
				ALWAYS_SEARCH_USER_PATHS = NO;
				CLANG_ANALYZER_NONNULL = YES;
				CLANG_ANALYZER_NUMBER_OBJECT_CONVERSION = YES_AGGRESSIVE;
				CLANG_CXX_LANGUAGE_STANDARD = "gnu++14";
				CLANG_CXX_LIBRARY = "libc++";
				CLANG_ENABLE_MODULES = YES;
				CLANG_ENABLE_OBJC_ARC = YES;
				CLANG_ENABLE_OBJC_WEAK = YES;
				CLANG_WARN_BLOCK_CAPTURE_AUTORELEASING = YES;
				CLANG_WARN_BOOL_CONVERSION = YES;
				CLANG_WARN_COMMA = YES;
				CLANG_WARN_CONSTANT_CONVERSION = YES;
				CLANG_WARN_DEPRECATED_OBJC_IMPLEMENTATIONS = YES;
				CLANG_WARN_DIRECT_OBJC_ISA_USAGE = YES_ERROR;
				CLANG_WARN_DOCUMENTATION_COMMENTS = YES;
				CLANG_WARN_EMPTY_BODY = YES;
				CLANG_WARN_ENUM_CONVERSION = YES;
				CLANG_WARN_INFINITE_RECURSION = YES;
				CLANG_WARN_INT_CONVERSION = YES;
				CLANG_WARN_NON_LITERAL_NULL_CONVERSION = YES;
				CLANG_WARN_OBJC_IMPLICIT_RETAIN_SELF = YES;
				CLANG_WARN_OBJC_LITERAL_CONVERSION = YES;
				CLANG_WARN_OBJC_ROOT_CLASS = YES_ERROR;
				CLANG_WARN_QUOTED_INCLUDE_IN_FRAMEWORK_HEADER = YES;
				CLANG_WARN_RANGE_LOOP_ANALYSIS = YES;
				CLANG_WARN_STRICT_PROTOTYPES = YES;
				CLANG_WARN_SUSPICIOUS_MOVE = YES;
				CLANG_WARN_UNGUARDED_AVAILABILITY = YES_AGGRESSIVE;
				CLANG_WARN_UNREACHABLE_CODE = YES;
				CLANG_WARN__DUPLICATE_METHOD_MATCH = YES;
				COPY_PHASE_STRIP = NO;
				DEBUG_INFORMATION_FORMAT = "dwarf-with-dsym";
				ENABLE_NS_ASSERTIONS = NO;
				ENABLE_STRICT_OBJC_MSGSEND = YES;
				GCC_C_LANGUAGE_STANDARD = gnu11;
				GCC_NO_COMMON_BLOCKS = YES;
				GCC_WARN_64_TO_32_BIT_CONVERSION = YES;
				GCC_WARN_ABOUT_RETURN_TYPE = YES_ERROR;
				GCC_WARN_UNDECLARED_SELECTOR = YES;
				GCC_WARN_UNINITIALIZED_AUTOS = YES_AGGRESSIVE;
				GCC_WARN_UNUSED_FUNCTION = YES;
				GCC_WARN_UNUSED_VARIABLE = YES;
				IPHONEOS_DEPLOYMENT_TARGET = 14.4;
				MTL_ENABLE_DEBUG_INFO = NO;
				MTL_FAST_MATH = YES;
				SDKROOT = iphoneos;
				SWIFT_COMPILATION_MODE = wholemodule;
				SWIFT_OPTIMIZATION_LEVEL = "-O";
				VALIDATE_PRODUCT = YES;
			};
			name = Release;
		};
		31AA6B6B27FFE6EC004E7FAF /* Debug */ = {
			isa = XCBuildConfiguration;
			buildSettings = {
				ASSETCATALOG_COMPILER_APPICON_NAME = AppIcon;
				ASSETCATALOG_COMPILER_GLOBAL_ACCENT_COLOR_NAME = AccentColor;
				CODE_SIGN_STYLE = Automatic;
				INFOPLIST_FILE = Blackjack/Info.plist;
				LD_RUNPATH_SEARCH_PATHS = (
					"$(inherited)",
					"@executable_path/Frameworks",
				);
				PRODUCT_BUNDLE_IDENTIFIER = "ca-nscc.Blackjack";
				PRODUCT_NAME = "$(TARGET_NAME)";
				SWIFT_VERSION = 5.0;
				TARGETED_DEVICE_FAMILY = "1,2";
			};
			name = Debug;
		};
		31AA6B6C27FFE6EC004E7FAF /* Release */ = {
			isa = XCBuildConfiguration;
			buildSettings = {
				ASSETCATALOG_COMPILER_APPICON_NAME = AppIcon;
				ASSETCATALOG_COMPILER_GLOBAL_ACCENT_COLOR_NAME = AccentColor;
				CODE_SIGN_STYLE = Automatic;
				INFOPLIST_FILE = Blackjack/Info.plist;
				LD_RUNPATH_SEARCH_PATHS = (
					"$(inherited)",
					"@executable_path/Frameworks",
				);
				PRODUCT_BUNDLE_IDENTIFIER = "ca-nscc.Blackjack";
				PRODUCT_NAME = "$(TARGET_NAME)";
				SWIFT_VERSION = 5.0;
				TARGETED_DEVICE_FAMILY = "1,2";
			};
			name = Release;
		};
/* End XCBuildConfiguration section */

/* Begin XCConfigurationList section */
		31AA6B5127FFE6E7004E7FAF /* Build configuration list for PBXProject "Blackjack" */ = {
			isa = XCConfigurationList;
			buildConfigurations = (
				31AA6B6827FFE6EC004E7FAF /* Debug */,
				31AA6B6927FFE6EC004E7FAF /* Release */,
			);
			defaultConfigurationIsVisible = 0;
			defaultConfigurationName = Release;
		};
		31AA6B6A27FFE6EC004E7FAF /* Build configuration list for PBXNativeTarget "Blackjack" */ = {
			isa = XCConfigurationList;
			buildConfigurations = (
				31AA6B6B27FFE6EC004E7FAF /* Debug */,
				31AA6B6C27FFE6EC004E7FAF /* Release */,
			);
			defaultConfigurationIsVisible = 0;
			defaultConfigurationName = Release;
		};
/* End XCConfigurationList section */
	};
	rootObject = 31AA6B4E27FFE6E7004E7FAF /* Project object */;
}
